
Microsoft Visual Studio Solution File, Format Version 12.00
# Visual Studio Version 16
VisualStudioVersion = 16.0.28917.181
MinimumVisualStudioVersion = 10.0.40219.1
Project("{9A19103F-16F7-4668-BE54-9A1E7A4F7556}") = "Adapter Pattern", "Adapter Pattern\Adapter Pattern.csproj", "{3BAB8C66-90AF-4026-A501-7CD0833012DD}"
EndProject
Project("{9A19103F-16F7-4668-BE54-9A1E7A4F7556}") = "Bridge Pattern", "Bridge Pattern\Bridge Pattern.csproj", "{D36F0EA1-45F7-4053-9683-E53EBC7D251C}"
EndProject
Project("{9A19103F-16F7-4668-BE54-9A1E7A4F7556}") = "Builder Pattern", "BuilderPattern\Builder Pattern.csproj", "{3929103C-293F-4127-A73C-F2A7D0971316}"
EndProject
Project("{9A19103F-16F7-4668-BE54-9A1E7A4F7556}") = "ChainOfResponsibilityPattern", "ChainOfResponsibilityPattern\ChainOfResponsibilityPattern.csproj", "{1E3E6901-EE39-4250-88E1-3ABC092AC5C4}"
EndProject
Project("{9A19103F-16F7-4668-BE54-9A1E7A4F7556}") = "Command Pattern", "Command Pattern\Command Pattern.csproj", "{8665E13B-F640-4E9F-BC47-99EE530DF2B1}"
EndProject
Project("{9A19103F-16F7-4668-BE54-9A1E7A4F7556}") = "Composite Pattern", "Composite Pattern\Composite Pattern.csproj", "{A925B804-4C99-4CCD-9E24-582F7645AAF8}"
EndProject
Project("{9A19103F-16F7-4668-BE54-9A1E7A4F7556}") = "Decorator Pattern", "Decorator Pattern\Decorator Pattern.csproj", "{D294CF30-B44A-4BC0-8CEF-F087F8987472}"
EndProject
Project("{9A19103F-16F7-4668-BE54-9A1E7A4F7556}") = "Event Aggregator Pattern", "Event Aggregator\Event Aggregator Pattern.csproj", "{B25FF27D-0B90-413F-8136-C52F580E1E68}"
EndProject
Project("{9A19103F-16F7-4668-BE54-9A1E7A4F7556}") = "Facade Pattern", "Facade Pattern\Facade Pattern.csproj", "{9B9F8B13-E21D-4790-9BCE-082E81A5D01B}"
EndProject
Project("{FAE04EC0-301F-11D3-BF4B-00C04F79EFBC}") = "Simple Factory Pattern", "Factory Pattern\Simple Factory Pattern.csproj", "{6831A52E-D528-472D-B929-F0924C4D2352}"
EndProject
Project("{FAE04EC0-301F-11D3-BF4B-00C04F79EFBC}") = "Factory Method Pattern", "Factory Method Pattern\Factory Method Pattern.csproj", "{FCDFE096-630A-4B11-BB33-FD73563E3200}"
EndProject
Project("{FAE04EC0-301F-11D3-BF4B-00C04F79EFBC}") = "Flyweight Pattern", "Flyweight Pattern\Flyweight Pattern.csproj", "{7275247C-4DEB-46F4-83EE-B26A305EF1B3}"
EndProject
Global
	GlobalSection(SolutionConfigurationPlatforms) = preSolution
		Debug|Any CPU = Debug|Any CPU
		Release|Any CPU = Release|Any CPU
	EndGlobalSection
	GlobalSection(ProjectConfigurationPlatforms) = postSolution
		{3BAB8C66-90AF-4026-A501-7CD0833012DD}.Debug|Any CPU.ActiveCfg = Debug|Any CPU
		{3BAB8C66-90AF-4026-A501-7CD0833012DD}.Debug|Any CPU.Build.0 = Debug|Any CPU
		{3BAB8C66-90AF-4026-A501-7CD0833012DD}.Release|Any CPU.ActiveCfg = Release|Any CPU
		{3BAB8C66-90AF-4026-A501-7CD0833012DD}.Release|Any CPU.Build.0 = Release|Any CPU
		{D36F0EA1-45F7-4053-9683-E53EBC7D251C}.Debug|Any CPU.ActiveCfg = Debug|Any CPU
		{D36F0EA1-45F7-4053-9683-E53EBC7D251C}.Debug|Any CPU.Build.0 = Debug|Any CPU
		{D36F0EA1-45F7-4053-9683-E53EBC7D251C}.Release|Any CPU.ActiveCfg = Release|Any CPU
		{D36F0EA1-45F7-4053-9683-E53EBC7D251C}.Release|Any CPU.Build.0 = Release|Any CPU
		{3929103C-293F-4127-A73C-F2A7D0971316}.Debug|Any CPU.ActiveCfg = Debug|Any CPU
		{3929103C-293F-4127-A73C-F2A7D0971316}.Debug|Any CPU.Build.0 = Debug|Any CPU
		{3929103C-293F-4127-A73C-F2A7D0971316}.Release|Any CPU.ActiveCfg = Release|Any CPU
		{3929103C-293F-4127-A73C-F2A7D0971316}.Release|Any CPU.Build.0 = Release|Any CPU
		{1E3E6901-EE39-4250-88E1-3ABC092AC5C4}.Debug|Any CPU.ActiveCfg = Debug|Any CPU
		{1E3E6901-EE39-4250-88E1-3ABC092AC5C4}.Debug|Any CPU.Build.0 = Debug|Any CPU
		{1E3E6901-EE39-4250-88E1-3ABC092AC5C4}.Release|Any CPU.ActiveCfg = Release|Any CPU
		{1E3E6901-EE39-4250-88E1-3ABC092AC5C4}.Release|Any CPU.Build.0 = Release|Any CPU
		{8665E13B-F640-4E9F-BC47-99EE530DF2B1}.Debug|Any CPU.ActiveCfg = Debug|Any CPU
		{8665E13B-F640-4E9F-BC47-99EE530DF2B1}.Debug|Any CPU.Build.0 = Debug|Any CPU
		{8665E13B-F640-4E9F-BC47-99EE530DF2B1}.Release|Any CPU.ActiveCfg = Release|Any CPU
		{8665E13B-F640-4E9F-BC47-99EE530DF2B1}.Release|Any CPU.Build.0 = Release|Any CPU
		{A925B804-4C99-4CCD-9E24-582F7645AAF8}.Debug|Any CPU.ActiveCfg = Debug|Any CPU
		{A925B804-4C99-4CCD-9E24-582F7645AAF8}.Debug|Any CPU.Build.0 = Debug|Any CPU
		{A925B804-4C99-4CCD-9E24-582F7645AAF8}.Release|Any CPU.ActiveCfg = Release|Any CPU
		{A925B804-4C99-4CCD-9E24-582F7645AAF8}.Release|Any CPU.Build.0 = Release|Any CPU
		{D294CF30-B44A-4BC0-8CEF-F087F8987472}.Debug|Any CPU.ActiveCfg = Debug|Any CPU
		{D294CF30-B44A-4BC0-8CEF-F087F8987472}.Debug|Any CPU.Build.0 = Debug|Any CPU
		{D294CF30-B44A-4BC0-8CEF-F087F8987472}.Release|Any CPU.ActiveCfg = Release|Any CPU
		{D294CF30-B44A-4BC0-8CEF-F087F8987472}.Release|Any CPU.Build.0 = Release|Any CPU
		{B25FF27D-0B90-413F-8136-C52F580E1E68}.Debug|Any CPU.ActiveCfg = Debug|Any CPU
		{B25FF27D-0B90-413F-8136-C52F580E1E68}.Debug|Any CPU.Build.0 = Debug|Any CPU
		{B25FF27D-0B90-413F-8136-C52F580E1E68}.Release|Any CPU.ActiveCfg = Release|Any CPU
		{B25FF27D-0B90-413F-8136-C52F580E1E68}.Release|Any CPU.Build.0 = Release|Any CPU
		{9B9F8B13-E21D-4790-9BCE-082E81A5D01B}.Debug|Any CPU.ActiveCfg = Debug|Any CPU
		{9B9F8B13-E21D-4790-9BCE-082E81A5D01B}.Debug|Any CPU.Build.0 = Debug|Any CPU
		{9B9F8B13-E21D-4790-9BCE-082E81A5D01B}.Release|Any CPU.ActiveCfg = Release|Any CPU
		{9B9F8B13-E21D-4790-9BCE-082E81A5D01B}.Release|Any CPU.Build.0 = Release|Any CPU
		{6831A52E-D528-472D-B929-F0924C4D2352}.Debug|Any CPU.ActiveCfg = Debug|Any CPU
		{6831A52E-D528-472D-B929-F0924C4D2352}.Debug|Any CPU.Build.0 = Debug|Any CPU
		{6831A52E-D528-472D-B929-F0924C4D2352}.Release|Any CPU.ActiveCfg = Release|Any CPU
		{6831A52E-D528-472D-B929-F0924C4D2352}.Release|Any CPU.Build.0 = Release|Any CPU
		{FCDFE096-630A-4B11-BB33-FD73563E3200}.Debug|Any CPU.ActiveCfg = Debug|Any CPU
		{FCDFE096-630A-4B11-BB33-FD73563E3200}.Debug|Any CPU.Build.0 = Debug|Any CPU
		{FCDFE096-630A-4B11-BB33-FD73563E3200}.Release|Any CPU.ActiveCfg = Release|Any CPU
		{FCDFE096-630A-4B11-BB33-FD73563E3200}.Release|Any CPU.Build.0 = Release|Any CPU
		{7275247C-4DEB-46F4-83EE-B26A305EF1B3}.Debug|Any CPU.ActiveCfg = Debug|Any CPU
		{7275247C-4DEB-46F4-83EE-B26A305EF1B3}.Debug|Any CPU.Build.0 = Debug|Any CPU
		{7275247C-4DEB-46F4-83EE-B26A305EF1B3}.Release|Any CPU.ActiveCfg = Release|Any CPU
		{7275247C-4DEB-46F4-83EE-B26A305EF1B3}.Release|Any CPU.Build.0 = Release|Any CPU
	EndGlobalSection
	GlobalSection(SolutionProperties) = preSolution
		HideSolutionNode = FALSE
	EndGlobalSection
	GlobalSection(ExtensibilityGlobals) = postSolution
		SolutionGuid = {4DBD9655-F02B-4522-A0E7-60773FBF8345}
	EndGlobalSection
EndGlobal
